{
  "name": "protocol-v3.4-upgrade",
  "version": "1.0.0",
  "lockfileVersion": 3,
  "requires": true,
  "packages": {
    "": {
      "name": "protocol-v3.4-upgrade",
      "version": "1.0.0",
      "license": "BUSL-1.1",
      "dependencies": {
        "@aave-dao/aave-address-book": "^4.46.5",
        "@aave-dao/aave-helpers-js": "^1.0.7",
        "@bgd-labs/aave-address-book": "^4.36.0",
        "@bgd-labs/toolbox": "^0.0.53",
        "p-queue": "^8.1.0",
        "prettier": "^3.5.3"
      }
    },
    "node_modules/@aave-dao/aave-address-book": {
      "version": "4.46.5",
      "resolved": "https://registry.npmjs.org/@aave-dao/aave-address-book/-/aave-address-book-4.46.5.tgz",
      "integrity": "sha512-q+Uuw/eSNEDPLCR81xq0f9g4mO4MsCCtp/lp+MdY54sjcO9iOemxaAnGv3DLpfRWMMnM/ljkO5vmjroSSisc2w==",
      "license": "MIT",
      "workspaces": [
        "ui"
      ],
      "peerDependencies": {
        "viem": "^2.23.5"
      }
    },
    "node_modules/@aave-dao/aave-helpers-js": {
      "version": "1.0.7",
      "resolved": "https://registry.npmjs.org/@aave-dao/aave-helpers-js/-/aave-helpers-js-1.0.7.tgz",
      "integrity": "sha512-DHIkn2sjqsHdOnPYVie2q10cpSzt5BYtV6rLP5pv5UYvDZAA6S5yPXuU6fE9zNB0ao/NSFzG7azDlOr0GR16mw==",
      "license": "MIT",
      "dependencies": {
        "@aave-dao/aave-address-book": "^4.44.14",
        "@bgd-labs/toolbox": "^0.2.18",
        "commander": "^14.0.3",
        "find-object-paths": "^1.1.0",
        "viem": "^2.45.3",
        "zod": "^4.3.6"
      },
      "bin": {
        "aave-helpers-js": "dist/cli.mjs"
      },
      "engines": {
        "node": ">=22"
      }
    },
    "node_modules/@aave-dao/aave-helpers-js/node_modules/@bgd-labs/toolbox": {
      "version": "0.2.20",
      "resolved": "https://registry.npmjs.org/@bgd-labs/toolbox/-/toolbox-0.2.20.tgz",
      "integrity": "sha512-DxkbiqC5BacuFjej+ZovA0js+xtL1rcf/sKwOVTapIKFWBMGVgm9O7HQYsgzWaGOKjVyREt7pst3U4AwpOw8Kg==",
      "license": "MIT",
      "dependencies": {
        "bs58": "^6.0.0",
        "diff": "^8.0.3",
        "eventsource": "^4.1.0",
        "js-yaml": "^4.1.0"
      },
      "engines": {
        "node": ">=22"
      },
      "peerDependencies": {
        "prettier": "^3.5.2",
        "prettier-plugin-solidity": "^1.0.0",
        "viem": "^2.45.0"
      }
    },
    "node_modules/@aave-dao/aave-helpers-js/node_modules/argparse": {
      "version": "2.0.1",
      "resolved": "https://registry.npmjs.org/argparse/-/argparse-2.0.1.tgz",
      "integrity": "sha512-8+9WqebbFzpX9OR+Wa6O29asIogeRMzcGtAINdpMHHyAg10f05aSFVBbcEqGf/PXw1EjAZ+q2/bEBg3DvurK3Q==",
      "license": "Python-2.0"
    },
    "node_modules/@aave-dao/aave-helpers-js/node_modules/commander": {
      "version": "14.0.3",
      "resolved": "https://registry.npmjs.org/commander/-/commander-14.0.3.tgz",
      "integrity": "sha512-H+y0Jo/T1RZ9qPP4Eh1pkcQcLRglraJaSLoyOtHxu6AapkjWVCy2Sit1QQ4x3Dng8qDlSsZEet7g5Pq06MvTgw==",
      "license": "MIT",
      "engines": {
        "node": ">=20"
      }
    },
    "node_modules/@aave-dao/aave-helpers-js/node_modules/diff": {
      "version": "8.0.3",
      "resolved": "https://registry.npmjs.org/diff/-/diff-8.0.3.tgz",
      "integrity": "sha512-qejHi7bcSD4hQAZE0tNAawRK1ZtafHDmMTMkrrIGgSLl7hTnQHmKCeB45xAcbfTqK2zowkM3j3bHt/4b/ARbYQ==",
      "license": "BSD-3-Clause",
      "engines": {
        "node": ">=0.3.1"
      }
    },
    "node_modules/@aave-dao/aave-helpers-js/node_modules/eventsource": {
      "version": "4.1.0",
      "resolved": "https://registry.npmjs.org/eventsource/-/eventsource-4.1.0.tgz",
      "integrity": "sha512-2GuF51iuHX6A9xdTccMTsNb7VO0lHZihApxhvQzJB5A03DvHDd2FQepodbMaztPBmBcE/ox7o2gqaxGhYB9LhQ==",
      "license": "MIT",
      "dependencies": {
        "eventsource-parser": "^3.0.1"
      },
      "engines": {
        "node": ">=20.0.0"
      }
    },
    "node_modules/@aave-dao/aave-helpers-js/node_modules/js-yaml": {
      "version": "4.1.1",
      "resolved": "https://registry.npmjs.org/js-yaml/-/js-yaml-4.1.1.tgz",
      "integrity": "sha512-qQKT4zQxXl8lLwBtHMWwaTcGfFOZviOJet3Oy/xmGk2gZH677CJM9EvtfdSkgWcATZhj/55JZ0rmy3myCT5lsA==",
      "license": "MIT",
      "dependencies": {
        "argparse": "^2.0.1"
      },
      "bin": {
        "js-yaml": "bin/js-yaml.js"
      }
    },
    "node_modules/@aave-dao/aave-helpers-js/node_modules/zod": {
      "version": "4.3.6",
      "resolved": "https://registry.npmjs.org/zod/-/zod-4.3.6.tgz",
      "integrity": "sha512-rftlrkhHZOcjDwkGlnUtZZkvaPHCsDATp4pGpuOOMDaTdDDXF91wuVDJoWoPsKX/3YPQ5fHuF3STjcYyKr+Qhg==",
      "license": "MIT",
      "funding": {
        "url": "https://github.com/sponsors/colinhacks"
      }
    },
    "node_modules/@adraffy/ens-normalize": {
      "version": "1.11.1",
      "resolved": "https://registry.npmjs.org/@adraffy/ens-normalize/-/ens-normalize-1.11.1.tgz",
      "integrity": "sha512-nhCBV3quEgesuf7c7KYfperqSS14T8bYuvJ8PcLJp6znkZpFc0AuW4qBtr8eKVyPPe/8RSr7sglCWPU5eaxwKQ==",
      "license": "MIT"
    },
    "node_modules/@ark/schema": {
      "version": "0.46.0",
      "license": "MIT",
      "dependencies": {
        "@ark/util": "0.46.0"
      }
    },
    "node_modules/@ark/util": {
      "version": "0.46.0",
      "license": "MIT"
    },
    "node_modules/@assemblyscript/loader": {
      "version": "0.9.4",
      "license": "Apache-2.0"
    },
    "node_modules/@bgd-labs/aave-address-book": {
      "version": "4.36.0",
      "resolved": "https://registry.npmjs.org/@bgd-labs/aave-address-book/-/aave-address-book-4.36.0.tgz",
      "integrity": "sha512-9vpDl3SYJyxVronEIEmh3B1Z58o87A5b98DCvsDmeochD1UMdsi8GmptgQ5fDwHFyiqRGwlbA1uy0YCExdz+Zg==",
      "license": "MIT",
      "workspaces": [
        "ui"
      ],
      "peerDependencies": {
        "viem": "^2.23.5"
      }
    },
    "node_modules/@bgd-labs/toolbox": {
      "version": "0.0.53",
      "resolved": "https://registry.npmjs.org/@bgd-labs/toolbox/-/toolbox-0.0.53.tgz",
      "integrity": "sha512-s6Z/OybHw+JxmvYWIImmc0RKPt+CREHD/SSRsZSoCctgrKsEjg/24iLVFyIRMW2Q14QYBKc3GRp5xyknG+iTKQ==",
      "license": "MIT",
      "dependencies": {
        "@openzeppelin/contracts-upgradeable": "^5.4.0",
        "arktype": "^2.1.20",
        "blockstore-core": "^5.0.2",
        "diff": "^7.0.0",
        "eventsource": "^3.0.6",
        "gray-matter": "^4.0.3",
        "ipfs-unixfs-importer": "^15.3.2",
        "ts-pattern": "^5.8.0",
        "viem": "^2.37.6"
      },
      "peerDependencies": {
        "prettier": "^3.5.2",
        "prettier-plugin-solidity": "^1.0.0"
      }
    },
    "node_modules/@chainsafe/is-ip": {
      "version": "2.0.2",
      "license": "MIT"
    },
    "node_modules/@chainsafe/netmask": {
      "version": "2.0.0",
      "license": "MIT",
      "dependencies": {
        "@chainsafe/is-ip": "^2.0.1"
      }
    },
    "node_modules/@ipld/dag-pb": {
      "version": "4.1.5",
      "license": "Apache-2.0 OR MIT",
      "dependencies": {
        "multiformats": "^13.1.0"
      },
      "engines": {
        "node": ">=16.0.0",
        "npm": ">=7.0.0"
      }
    },
    "node_modules/@leichtgewicht/ip-codec": {
      "version": "2.0.5",
      "license": "MIT"
    },
    "node_modules/@libp2p/interface": {
      "version": "2.11.0",
      "license": "Apache-2.0 OR MIT",
      "dependencies": {
        "@multiformats/dns": "^1.0.6",
        "@multiformats/multiaddr": "^12.4.4",
        "it-pushable": "^3.2.3",
        "it-stream-types": "^2.0.2",
        "main-event": "^1.0.1",
        "multiformats": "^13.3.6",
        "progress-events": "^1.0.1",
        "uint8arraylist": "^2.4.8"
      }
    },
    "node_modules/@libp2p/logger": {
      "version": "5.2.0",
      "license": "Apache-2.0 OR MIT",
      "dependencies": {
        "@libp2p/interface": "^2.11.0",
        "@multiformats/multiaddr": "^12.4.4",
        "interface-datastore": "^8.3.1",
        "multiformats": "^13.3.6",
        "weald": "^1.0.4"
      }
    },
    "node_modules/@multiformats/dns": {
      "version": "1.0.6",
      "license": "Apache-2.0 OR MIT",
      "dependencies": {
        "@types/dns-packet": "^5.6.5",
        "buffer": "^6.0.3",
        "dns-packet": "^5.6.1",
        "hashlru": "^2.3.0",
        "p-queue": "^8.0.1",
        "progress-events": "^1.0.0",
        "uint8arrays": "^5.0.2"
      }
    },
    "node_modules/@multiformats/dns/node_modules/p-queue": {
      "version": "8.0.1",
      "license": "MIT",
      "dependencies": {
        "eventemitter3": "^5.0.1",
        "p-timeout": "^6.1.2"
      },
      "engines": {
        "node": ">=18"
      },
      "funding": {
        "url": "https://github.com/sponsors/sindresorhus"
      }
    },
    "node_modules/@multiformats/multiaddr": {
      "version": "12.5.1",
      "license": "Apache-2.0 OR MIT",
      "dependencies": {
        "@chainsafe/is-ip": "^2.0.1",
        "@chainsafe/netmask": "^2.0.0",
        "@multiformats/dns": "^1.0.3",
        "abort-error": "^1.0.1",
        "multiformats": "^13.0.0",
        "uint8-varint": "^2.0.1",
        "uint8arrays": "^5.0.0"
      }
    },
    "node_modules/@multiformats/murmur3": {
      "version": "2.1.8",
      "license": "Apache-2.0 OR MIT",
      "dependencies": {
        "multiformats": "^13.0.0",
        "murmurhash3js-revisited": "^3.0.0"
      },
      "engines": {
        "node": ">=16.0.0",
        "npm": ">=7.0.0"
      }
    },
    "node_modules/@multiformats/murmur3/node_modules/multiformats": {
      "version": "13.3.1",
      "license": "Apache-2.0 OR MIT"
    },
    "node_modules/@noble/ciphers": {
      "version": "1.3.0",
      "resolved": "https://registry.npmjs.org/@noble/ciphers/-/ciphers-1.3.0.tgz",
      "integrity": "sha512-2I0gnIVPtfnMw9ee9h1dJG7tp81+8Ob3OJb3Mv37rx5L40/b0i7djjCVvGOVqc9AEIQyvyu1i6ypKdFw8R8gQw==",
      "license": "MIT",
      "engines": {
        "node": "^14.21.3 || >=16"
      },
      "funding": {
        "url": "https://paulmillr.com/funding/"
      }
    },
    "node_modules/@noble/curves": {
      "version": "1.9.1",
      "resolved": "https://registry.npmjs.org/@noble/curves/-/curves-1.9.1.tgz",
      "integrity": "sha512-k11yZxZg+t+gWvBbIswW0yoJlu8cHOC7dhunwOzoWH/mXGBiYyR4YY6hAEK/3EUs4UpB8la1RfdRpeGsFHkWsA==",
      "license": "MIT",
      "dependencies": {
        "@noble/hashes": "1.8.0"
      },
      "engines": {
        "node": "^14.21.3 || >=16"
      },
      "funding": {
        "url": "https://paulmillr.com/funding/"
      }
    },
    "node_modules/@noble/hashes": {
      "version": "1.8.0",
      "resolved": "https://registry.npmjs.org/@noble/hashes/-/hashes-1.8.0.tgz",
      "integrity": "sha512-jCs9ldd7NwzpgXDIf6P3+NrHh9/sD6CQdxHyjQI+h/6rDNo88ypBxxz45UDuZHz9r3tNz7N/VInSVoVdtXEI4A==",
      "license": "MIT",
      "engines": {
        "node": "^14.21.3 || >=16"
      },
      "funding": {
        "url": "https://paulmillr.com/funding/"
      }
    },
    "node_modules/@openzeppelin/contracts": {
      "version": "5.4.0",
      "resolved": "https://registry.npmjs.org/@openzeppelin/contracts/-/contracts-5.4.0.tgz",
      "integrity": "sha512-eCYgWnLg6WO+X52I16TZt8uEjbtdkgLC0SUX/xnAksjjrQI4Xfn4iBRoI5j55dmlOhDv1Y7BoR3cU7e3WWhC6A==",
      "license": "MIT",
      "peer": true
    },
    "node_modules/@openzeppelin/contracts-upgradeable": {
      "version": "5.4.0",
      "resolved": "https://registry.npmjs.org/@openzeppelin/contracts-upgradeable/-/contracts-upgradeable-5.4.0.tgz",
      "integrity": "sha512-STJKyDzUcYuB35Zub1JpWW58JxvrFFVgQ+Ykdr8A9PGXgtq/obF5uoh07k2XmFyPxfnZdPdBdhkJ/n2YxJ87HQ==",
      "license": "MIT",
      "peerDependencies": {
        "@openzeppelin/contracts": "5.4.0"
      }
    },
    "node_modules/@scure/base": {
      "version": "1.2.6",
      "resolved": "https://registry.npmjs.org/@scure/base/-/base-1.2.6.tgz",
      "integrity": "sha512-g/nm5FgUa//MCj1gV09zTJTaM6KBAHqLN907YVQqf7zC49+DcO4B1so4ZX07Ef10Twr6nuqYEH9GEggFXA4Fmg==",
      "license": "MIT",
      "funding": {
        "url": "https://paulmillr.com/funding/"
      }
    },
    "node_modules/@scure/bip32": {
      "version": "1.7.0",
      "resolved": "https://registry.npmjs.org/@scure/bip32/-/bip32-1.7.0.tgz",
      "integrity": "sha512-E4FFX/N3f4B80AKWp5dP6ow+flD1LQZo/w8UnLGYZO674jS6YnYeepycOOksv+vLPSpgN35wgKgy+ybfTb2SMw==",
      "license": "MIT",
      "dependencies": {
        "@noble/curves": "~1.9.0",
        "@noble/hashes": "~1.8.0",
        "@scure/base": "~1.2.5"
      },
      "funding": {
        "url": "https://paulmillr.com/funding/"
      }
    },
    "node_modules/@scure/bip39": {
      "version": "1.6.0",
      "resolved": "https://registry.npmjs.org/@scure/bip39/-/bip39-1.6.0.tgz",
      "integrity": "sha512-+lF0BbLiJNwVlev4eKelw1WWLaiKXw7sSl8T6FvBlWkdX+94aGJ4o8XjUdlyhTCjd8c+B3KT3JfS8P0bLRNU6A==",
      "license": "MIT",
      "dependencies": {
        "@noble/hashes": "~1.8.0",
        "@scure/base": "~1.2.5"
      },
      "funding": {
        "url": "https://paulmillr.com/funding/"
      }
    },
    "node_modules/@solidity-parser/parser": {
      "version": "0.20.1",
      "license": "MIT",
      "peer": true
    },
    "node_modules/@types/dns-packet": {
      "version": "5.6.5",
      "license": "MIT",
      "dependencies": {
        "@types/node": "*"
      }
    },
    "node_modules/@types/node": {
      "version": "22.10.1",
      "license": "MIT",
      "dependencies": {
        "undici-types": "~6.20.0"
      }
    },
    "node_modules/abitype": {
      "version": "1.2.3",
      "resolved": "https://registry.npmjs.org/abitype/-/abitype-1.2.3.tgz",
      "integrity": "sha512-Ofer5QUnuUdTFsBRwARMoWKOH1ND5ehwYhJ3OJ/BQO+StkwQjHw0XyVh4vDttzHB7QOFhPHa/o413PJ82gU/Tg==",
      "license": "MIT",
      "funding": {
        "url": "https://github.com/sponsors/wevm"
      },
      "peerDependencies": {
        "typescript": ">=5.0.4",
        "zod": "^3.22.0 || ^4.0.0"
      },
      "peerDependenciesMeta": {
        "typescript": {
          "optional": true
        },
        "zod": {
          "optional": true
        }
      }
    },
    "node_modules/abort-error": {
      "version": "1.0.1",
      "license": "Apache-2.0 OR MIT"
    },
    "node_modules/argparse": {
      "version": "1.0.10",
      "license": "MIT",
      "dependencies": {
        "sprintf-js": "~1.0.2"
      }
    },
    "node_modules/arktype": {
      "version": "2.1.20",
      "license": "MIT",
      "dependencies": {
        "@ark/schema": "0.46.0",
        "@ark/util": "0.46.0"
      }
    },
    "node_modules/base-x": {
      "version": "5.0.1",
      "license": "MIT"
    },
    "node_modules/base64-js": {
      "version": "1.5.1",
      "funding": [
        {
          "type": "github",
          "url": "https://github.com/sponsors/feross"
        },
        {
          "type": "patreon",
          "url": "https://www.patreon.com/feross"
        },
        {
          "type": "consulting",
          "url": "https://feross.org/support"
        }
      ],
      "license": "MIT"
    },
    "node_modules/bl": {
      "version": "5.1.0",
      "license": "MIT",
      "dependencies": {
        "buffer": "^6.0.3",
        "inherits": "^2.0.4",
        "readable-stream": "^3.4.0"
      }
    },
    "node_modules/blockstore-core": {
      "version": "5.0.4",
      "license": "Apache-2.0 OR MIT",
      "dependencies": {
        "@libp2p/logger": "^5.1.18",
        "interface-blockstore": "^5.0.0",
        "interface-store": "^6.0.0",
        "it-filter": "^3.1.3",
        "it-merge": "^3.0.11",
        "multiformats": "^13.3.6"
      }
    },
    "node_modules/bs58": {
      "version": "6.0.0",
      "license": "MIT",
      "dependencies": {
        "base-x": "^5.0.0"
      }
    },
    "node_modules/buffer": {
      "version": "6.0.3",
      "funding": [
        {
          "type": "github",
          "url": "https://github.com/sponsors/feross"
        },
        {
          "type": "patreon",
          "url": "https://www.patreon.com/feross"
        },
        {
          "type": "consulting",
          "url": "https://feross.org/support"
        }
      ],
      "license": "MIT",
      "dependencies": {
        "base64-js": "^1.3.1",
        "ieee754": "^1.2.1"
      }
    },
    "node_modules/debug": {
      "version": "4.3.7",
      "license": "MIT",
      "dependencies": {
        "ms": "^2.1.3"
      },
      "engines": {
        "node": ">=6.0"
      },
      "peerDependenciesMeta": {
        "supports-color": {
          "optional": true
        }
      }
    },
    "node_modules/debug/node_modules/ms": {
      "version": "2.1.3",
      "license": "MIT"
    },
    "node_modules/diff": {
      "version": "7.0.0",
      "license": "BSD-3-Clause",
      "engines": {
        "node": ">=0.3.1"
      }
    },
    "node_modules/dns-packet": {
      "version": "5.6.1",
      "license": "MIT",
      "dependencies": {
        "@leichtgewicht/ip-codec": "^2.0.1"
      },
      "engines": {
        "node": ">=6"
      }
    },
    "node_modules/esprima": {
      "version": "4.0.1",
      "license": "BSD-2-Clause",
      "bin": {
        "esparse": "bin/esparse.js",
        "esvalidate": "bin/esvalidate.js"
      },
      "engines": {
        "node": ">=4"
      }
    },
    "node_modules/eventemitter3": {
      "version": "5.0.1",
      "license": "MIT"
    },
    "node_modules/eventsource": {
      "version": "3.0.7",
      "license": "MIT",
      "dependencies": {
        "eventsource-parser": "^3.0.1"
      },
      "engines": {
        "node": ">=18.0.0"
      }
    },
    "node_modules/eventsource-parser": {
      "version": "3.0.2",
      "license": "MIT",
      "engines": {
        "node": ">=18.0.0"
      }
    },
    "node_modules/extend-shallow": {
      "version": "2.0.1",
      "license": "MIT",
      "dependencies": {
        "is-extendable": "^0.1.0"
      },
      "engines": {
        "node": ">=0.10.0"
      }
    },
    "node_modules/find-object-paths": {
      "version": "1.1.0",
      "license": "GPL-3.0-or-later"
    },
    "node_modules/gray-matter": {
      "version": "4.0.3",
      "license": "MIT",
      "dependencies": {
        "js-yaml": "^3.13.1",
        "kind-of": "^6.0.2",
        "section-matter": "^1.0.0",
        "strip-bom-string": "^1.0.0"
      },
      "engines": {
        "node": ">=6.0"
      }
    },
    "node_modules/hamt-sharding": {
      "version": "3.0.6",
      "license": "Apache-2.0 OR MIT",
      "dependencies": {
        "sparse-array": "^1.3.1",
        "uint8arrays": "^5.0.1"
      }
    },
    "node_modules/hashlru": {
      "version": "2.3.0",
      "license": "MIT"
    },
    "node_modules/ieee754": {
      "version": "1.2.1",
      "funding": [
        {
          "type": "github",
          "url": "https://github.com/sponsors/feross"
        },
        {
          "type": "patreon",
          "url": "https://www.patreon.com/feross"
        },
        {
          "type": "consulting",
          "url": "https://feross.org/support"
        }
      ],
      "license": "BSD-3-Clause"
    },
    "node_modules/inherits": {
      "version": "2.0.4",
      "license": "ISC"
    },
    "node_modules/interface-blockstore": {
      "version": "5.3.1",
      "license": "Apache-2.0 OR MIT",
      "dependencies": {
        "interface-store": "^6.0.0",
        "multiformats": "^13.2.3"
      }
    },
    "node_modules/interface-blockstore/node_modules/multiformats": {
      "version": "13.3.1",
      "license": "Apache-2.0 OR MIT"
    },
    "node_modules/interface-datastore": {
      "version": "8.3.1",
      "license": "Apache-2.0 OR MIT",
      "dependencies": {
        "interface-store": "^6.0.0",
        "uint8arrays": "^5.1.0"
      }
    },
    "node_modules/interface-store": {
      "version": "6.0.2",
      "license": "Apache-2.0 OR MIT"
    },
    "node_modules/ipfs-unixfs": {
      "version": "11.2.0",
      "license": "Apache-2.0 OR MIT",
      "dependencies": {
        "protons-runtime": "^5.5.0",
        "uint8arraylist": "^2.4.8"
      }
    },
    "node_modules/ipfs-unixfs-importer": {
      "version": "15.4.0",
      "license": "Apache-2.0 OR MIT",
      "dependencies": {
        "@ipld/dag-pb": "^4.1.5",
        "@multiformats/murmur3": "^2.1.8",
        "hamt-sharding": "^3.0.6",
        "interface-blockstore": "^5.3.2",
        "interface-store": "^6.0.3",
        "ipfs-unixfs": "^11.0.0",
        "it-all": "^3.0.9",
        "it-batch": "^3.0.9",
        "it-first": "^3.0.9",
        "it-parallel-batch": "^3.0.9",
        "multiformats": "^13.3.7",
        "progress-events": "^1.0.1",
        "rabin-wasm": "^0.1.5",
        "uint8arraylist": "^2.4.8",
        "uint8arrays": "^5.1.0"
      }
    },
    "node_modules/ipfs-unixfs-importer/node_modules/interface-blockstore": {
      "version": "5.3.2",
      "license": "Apache-2.0 OR MIT",
      "dependencies": {
        "interface-store": "^6.0.0",
        "multiformats": "^13.3.6"
      }
    },
    "node_modules/ipfs-unixfs-importer/node_modules/interface-store": {
      "version": "6.0.3",
      "license": "Apache-2.0 OR MIT"
    },
    "node_modules/is-extendable": {
      "version": "0.1.1",
      "license": "MIT",
      "engines": {
        "node": ">=0.10.0"
      }
    },
    "node_modules/isows": {
      "version": "1.0.7",
      "funding": [
        {
          "type": "github",
          "url": "https://github.com/sponsors/wevm"
        }
      ],
      "license": "MIT",
      "peerDependencies": {
        "ws": "*"
      }
    },
    "node_modules/it-all": {
      "version": "3.0.9",
      "license": "Apache-2.0 OR MIT"
    },
    "node_modules/it-batch": {
      "version": "3.0.9",
      "license": "Apache-2.0 OR MIT"
    },
    "node_modules/it-filter": {
      "version": "3.1.4",
      "license": "Apache-2.0 OR MIT",
      "dependencies": {
        "it-peekable": "^3.0.0"
      }
    },
    "node_modules/it-first": {
      "version": "3.0.9",
      "license": "Apache-2.0 OR MIT"
    },
    "node_modules/it-merge": {
      "version": "3.0.12",
      "license": "Apache-2.0 OR MIT",
      "dependencies": {
        "it-queueless-pushable": "^2.0.0"
      }
    },
    "node_modules/it-parallel-batch": {
      "version": "3.0.9",
      "license": "Apache-2.0 OR MIT",
      "dependencies": {
        "it-batch": "^3.0.0"
      }
    },
    "node_modules/it-peekable": {
      "version": "3.0.5",
      "license": "Apache-2.0 OR MIT"
    },
    "node_modules/it-pushable": {
      "version": "3.2.3",
      "license": "Apache-2.0 OR MIT",
      "dependencies": {
        "p-defer": "^4.0.0"
      }
    },
    "node_modules/it-queueless-pushable": {
      "version": "2.0.2",
      "license": "Apache-2.0 OR MIT",
      "dependencies": {
        "abort-error": "^1.0.1",
        "p-defer": "^4.0.1",
        "race-signal": "^1.1.3"
      }
    },
    "node_modules/it-stream-types": {
      "version": "2.0.2",
      "license": "Apache-2.0 OR MIT"
    },
    "node_modules/js-yaml": {
      "version": "3.14.1",
      "license": "MIT",
      "dependencies": {
        "argparse": "^1.0.7",
        "esprima": "^4.0.0"
      },
      "bin": {
        "js-yaml": "bin/js-yaml.js"
      }
    },
    "node_modules/kind-of": {
      "version": "6.0.3",
      "license": "MIT",
      "engines": {
        "node": ">=0.10.0"
      }
    },
    "node_modules/main-event": {
      "version": "1.0.1",
      "license": "Apache-2.0 OR MIT"
    },
    "node_modules/minimist": {
      "version": "1.2.8",
      "license": "MIT",
      "funding": {
        "url": "https://github.com/sponsors/ljharb"
      }
    },
    "node_modules/ms": {
      "version": "3.0.0-canary.1",
      "license": "MIT",
      "engines": {
        "node": ">=12.13"
      }
    },
    "node_modules/multiformats": {
      "version": "13.4.1",
      "license": "Apache-2.0 OR MIT"
    },
    "node_modules/murmurhash3js-revisited": {
      "version": "3.0.0",
      "license": "MIT",
      "engines": {
        "node": ">=8.0.0"
      }
    },
    "node_modules/node-fetch": {
      "version": "2.7.0",
      "license": "MIT",
      "dependencies": {
        "whatwg-url": "^5.0.0"
      },
      "engines": {
        "node": "4.x || >=6.0.0"
      },
      "peerDependencies": {
        "encoding": "^0.1.0"
      },
      "peerDependenciesMeta": {
        "encoding": {
          "optional": true
        }
      }
    },
    "node_modules/ox": {
      "version": "0.12.4",
      "resolved": "https://registry.npmjs.org/ox/-/ox-0.12.4.tgz",
      "integrity": "sha512-+P+C7QzuwPV8lu79dOwjBKfB2CbnbEXe/hfyyrff1drrO1nOOj3Hc87svHfcW1yneRr3WXaKr6nz11nq+/DF9Q==",
      "funding": [
        {
          "type": "github",
          "url": "https://github.com/sponsors/wevm"
        }
      ],
      "license": "MIT",
      "dependencies": {
        "@adraffy/ens-normalize": "^1.11.0",
        "@noble/ciphers": "^1.3.0",
        "@noble/curves": "1.9.1",
        "@noble/hashes": "^1.8.0",
        "@scure/bip32": "^1.7.0",
        "@scure/bip39": "^1.6.0",
        "abitype": "^1.2.3",
        "eventemitter3": "5.0.1"
      },
      "peerDependencies": {
        "typescript": ">=5.4.0"
      },
      "peerDependenciesMeta": {
        "typescript": {
          "optional": true
        }
      }
    },
    "node_modules/p-defer": {
      "version": "4.0.1",
      "license": "MIT",
      "engines": {
        "node": ">=12"
      },
      "funding": {
        "url": "https://github.com/sponsors/sindresorhus"
      }
    },
    "node_modules/p-queue": {
      "version": "8.1.0",
      "license": "MIT",
      "dependencies": {
        "eventemitter3": "^5.0.1",
        "p-timeout": "^6.1.2"
      },
      "engines": {
        "node": ">=18"
      },
      "funding": {
        "url": "https://github.com/sponsors/sindresorhus"
      }
    },
    "node_modules/p-timeout": {
      "version": "6.1.3",
      "license": "MIT",
      "engines": {
        "node": ">=14.16"
      },
      "funding": {
        "url": "https://github.com/sponsors/sindresorhus"
      }
    },
    "node_modules/prettier": {
      "version": "3.5.3",
      "license": "MIT",
      "bin": {
        "prettier": "bin/prettier.cjs"
      },
      "engines": {
        "node": ">=14"
      },
      "funding": {
        "url": "https://github.com/prettier/prettier?sponsor=1"
      }
    },
    "node_modules/prettier-plugin-solidity": {
      "version": "1.4.3",
      "license": "MIT",
      "peer": true,
      "dependencies": {
        "@solidity-parser/parser": "^0.20.1",
        "semver": "^7.7.1"
      },
      "engines": {
        "node": ">=18"
      },
      "peerDependencies": {
        "prettier": ">=2.3.0"
      }
    },
    "node_modules/progress-events": {
      "version": "1.0.1",
      "license": "Apache-2.0 OR MIT"
    },
    "node_modules/protons-runtime": {
      "version": "5.5.0",
      "license": "Apache-2.0 OR MIT",
      "dependencies": {
        "uint8-varint": "^2.0.2",
        "uint8arraylist": "^2.4.3",
        "uint8arrays": "^5.0.1"
      }
    },
    "node_modules/rabin-wasm": {
      "version": "0.1.5",
      "license": "MIT",
      "dependencies": {
        "@assemblyscript/loader": "^0.9.4",
        "bl": "^5.0.0",
        "debug": "^4.3.1",
        "minimist": "^1.2.5",
        "node-fetch": "^2.6.1",
        "readable-stream": "^3.6.0"
      },
      "bin": {
        "rabin-wasm": "cli/bin.js"
      }
    },
    "node_modules/race-signal": {
      "version": "1.1.3",
      "license": "Apache-2.0 OR MIT"
    },
    "node_modules/readable-stream": {
      "version": "3.6.2",
      "license": "MIT",
      "dependencies": {
        "inherits": "^2.0.3",
        "string_decoder": "^1.1.1",
        "util-deprecate": "^1.0.1"
      },
      "engines": {
        "node": ">= 6"
      }
    },
    "node_modules/safe-buffer": {
      "version": "5.2.1",
      "funding": [
        {
          "type": "github",
          "url": "https://github.com/sponsors/feross"
        },
        {
          "type": "patreon",
          "url": "https://www.patreon.com/feross"
        },
        {
          "type": "consulting",
          "url": "https://feross.org/support"
        }
      ],
      "license": "MIT"
    },
    "node_modules/section-matter": {
      "version": "1.0.0",
      "license": "MIT",
      "dependencies": {
        "extend-shallow": "^2.0.1",
        "kind-of": "^6.0.0"
      },
      "engines": {
        "node": ">=4"
      }
    },
    "node_modules/semver": {
      "version": "7.7.2",
      "license": "ISC",
      "peer": true,
      "bin": {
        "semver": "bin/semver.js"
      },
      "engines": {
        "node": ">=10"
      }
    },
    "node_modules/sparse-array": {
      "version": "1.3.2",
      "license": "ISC"
    },
    "node_modules/sprintf-js": {
      "version": "1.0.3",
      "license": "BSD-3-Clause"
    },
    "node_modules/string_decoder": {
      "version": "1.3.0",
      "license": "MIT",
      "dependencies": {
        "safe-buffer": "~5.2.0"
      }
    },
    "node_modules/strip-bom-string": {
      "version": "1.0.0",
      "license": "MIT",
      "engines": {
        "node": ">=0.10.0"
      }
    },
    "node_modules/tr46": {
      "version": "0.0.3",
      "license": "MIT"
    },
    "node_modules/ts-pattern": {
      "version": "5.8.0",
      "license": "MIT"
    },
    "node_modules/uint8-varint": {
      "version": "2.0.4",
      "license": "Apache-2.0 OR MIT",
      "dependencies": {
        "uint8arraylist": "^2.0.0",
        "uint8arrays": "^5.0.0"
      }
    },
    "node_modules/uint8arraylist": {
      "version": "2.4.8",
      "license": "Apache-2.0 OR MIT",
      "dependencies": {
        "uint8arrays": "^5.0.1"
      }
    },
    "node_modules/uint8arrays": {
      "version": "5.1.0",
      "license": "Apache-2.0 OR MIT",
      "dependencies": {
        "multiformats": "^13.0.0"
      }
    },
    "node_modules/uint8arrays/node_modules/multiformats": {
      "version": "13.3.1",
      "license": "Apache-2.0 OR MIT"
    },
    "node_modules/undici-types": {
      "version": "6.20.0",
      "license": "MIT"
    },
    "node_modules/util-deprecate": {
      "version": "1.0.2",
      "license": "MIT"
    },
    "node_modules/viem": {
      "version": "2.46.3",
      "resolved": "https://registry.npmjs.org/viem/-/viem-2.46.3.tgz",
      "integrity": "sha512-2LJS+Hyh2sYjHXQtzfv1kU9pZx9dxFzvoU/ZKIcn0FNtOU0HQuIICuYdWtUDFHaGXbAdVo8J1eCvmjkL9JVGwg==",
      "funding": [
        {
          "type": "github",
          "url": "https://github.com/sponsors/wevm"
        }
      ],
      "license": "MIT",
      "dependencies": {
        "@noble/curves": "1.9.1",
        "@noble/hashes": "1.8.0",
        "@scure/bip32": "1.7.0",
        "@scure/bip39": "1.6.0",
        "abitype": "1.2.3",
        "isows": "1.0.7",
        "ox": "0.12.4",
        "ws": "8.18.3"
      },
      "peerDependencies": {
        "typescript": ">=5.0.4"
      },
      "peerDependenciesMeta": {
        "typescript": {
          "optional": true
        }
      }
    },
    "node_modules/weald": {
      "version": "1.0.4",
      "license": "Apache-2.0 OR MIT",
      "dependencies": {
        "ms": "^3.0.0-canary.1",
        "supports-color": "^9.4.0"
      }
    },
    "node_modules/weald/node_modules/supports-color": {
      "version": "9.4.0",
      "license": "MIT",
      "engines": {
        "node": ">=12"
      },
      "funding": {
        "url": "https://github.com/chalk/supports-color?sponsor=1"
      }
    },
    "node_modules/webidl-conversions": {
      "version": "3.0.1",
      "license": "BSD-2-Clause"
    },
    "node_modules/whatwg-url": {
      "version": "5.0.0",
      "license": "MIT",
      "dependencies": {
        "tr46": "~0.0.3",
        "webidl-conversions": "^3.0.0"
      }
    },
    "node_modules/ws": {
      "version": "8.18.3",
      "license": "MIT",
      "engines": {
        "node": ">=10.0.0"
      },
      "peerDependencies": {
        "bufferutil": "^4.0.1",
        "utf-8-validate": ">=5.0.2"
      },
      "peerDependenciesMeta": {
        "bufferutil": {
          "optional": true
        },
        "utf-8-validate": {
          "optional": true
        }
      }
    }
  }
}
